
Microsoft Visual Studio Solution File, Format Version 12.00
# Visual Studio Version 17
VisualStudioVersion = 17.7.34031.279
MinimumVisualStudioVersion = 10.0.40219.1
Project("{FAE04EC0-301F-11D3-BF4B-00C04F79EFBC}") = "TeeamFootballProject", "TeeamFootballProject\TeeamFootballProject.csproj", "{84CC563B-1408-4DE8-8190-FFC8B9229A49}"
EndProject
Global
	GlobalSection(SolutionConfigurationPlatforms) = preSolution
		Debug|Any CPU = Debug|Any CPU
		Release|Any CPU = Release|Any CPU
	EndGlobalSection
	GlobalSection(ProjectConfigurationPlatforms) = postSolution
		{84CC563B-1408-4DE8-8190-FFC8B9229A49}.Debug|Any CPU.ActiveCfg = Debug|Any CPU
		{84CC563B-1408-4DE8-8190-FFC8B9229A49}.Debug|Any CPU.Build.0 = Debug|Any CPU
		{84CC563B-1408-4DE8-8190-FFC8B9229A49}.Release|Any CPU.ActiveCfg = Release|Any CPU
		{84CC563B-1408-4DE8-8190-FFC8B9229A49}.Release|Any CPU.Build.0 = Release|Any CPU
	EndGlobalSection
	GlobalSection(SolutionProperties) = preSolution
		HideSolutionNode = FALSE
	EndGlobalSection
	GlobalSection(ExtensibilityGlobals) = postSolution
		SolutionGuid = {D193E901-4455-4EC5-82C6-5285921E20AE}
	EndGlobalSection
EndGlobal
